
Microsoft Visual Studio Solution File, Format Version 12.00
# Visual Studio 15
VisualStudioVersion = 15.0.26124.0
MinimumVisualStudioVersion = 15.0.26124.0
Project("{FAE04EC0-301F-11D3-BF4B-00C04F79EFBC}") = "DAL_EF", "DAL_EF\DAL_EF.csproj", "{CEA6815C-4906-4736-996D-14196901C9B2}"
EndProject
Project("{FAE04EC0-301F-11D3-BF4B-00C04F79EFBC}") = "DAL_ADONET", "DAL_ADONET\DAL_ADONET.csproj", "{774E20C0-9ADE-466B-AE39-92BE3EDED767}"
EndProject
Project("{FAE04EC0-301F-11D3-BF4B-00C04F79EFBC}") = "BLL", "BLL\BLL.csproj", "{60859855-6F75-4BEB-9A99-3C789E18428E}"
EndProject
Project("{FAE04EC0-301F-11D3-BF4B-00C04F79EFBC}") = "UI_Console", "UI_Console\UI_Console.csproj", "{FFFC967D-7E22-43AF-B845-561BDE606A9A}"
EndProject
Global
	GlobalSection(SolutionConfigurationPlatforms) = preSolution
		Debug|Any CPU = Debug|Any CPU
		Debug|x64 = Debug|x64
		Debug|x86 = Debug|x86
		Release|Any CPU = Release|Any CPU
		Release|x64 = Release|x64
		Release|x86 = Release|x86
	EndGlobalSection
	GlobalSection(SolutionProperties) = preSolution
		HideSolutionNode = FALSE
	EndGlobalSection
	GlobalSection(ProjectConfigurationPlatforms) = postSolution
		{CEA6815C-4906-4736-996D-14196901C9B2}.Debug|Any CPU.ActiveCfg = Debug|Any CPU
		{CEA6815C-4906-4736-996D-14196901C9B2}.Debug|Any CPU.Build.0 = Debug|Any CPU
		{CEA6815C-4906-4736-996D-14196901C9B2}.Debug|x64.ActiveCfg = Debug|Any CPU
		{CEA6815C-4906-4736-996D-14196901C9B2}.Debug|x64.Build.0 = Debug|Any CPU
		{CEA6815C-4906-4736-996D-14196901C9B2}.Debug|x86.ActiveCfg = Debug|Any CPU
		{CEA6815C-4906-4736-996D-14196901C9B2}.Debug|x86.Build.0 = Debug|Any CPU
		{CEA6815C-4906-4736-996D-14196901C9B2}.Release|Any CPU.ActiveCfg = Release|Any CPU
		{CEA6815C-4906-4736-996D-14196901C9B2}.Release|Any CPU.Build.0 = Release|Any CPU
		{CEA6815C-4906-4736-996D-14196901C9B2}.Release|x64.ActiveCfg = Release|Any CPU
		{CEA6815C-4906-4736-996D-14196901C9B2}.Release|x64.Build.0 = Release|Any CPU
		{CEA6815C-4906-4736-996D-14196901C9B2}.Release|x86.ActiveCfg = Release|Any CPU
		{CEA6815C-4906-4736-996D-14196901C9B2}.Release|x86.Build.0 = Release|Any CPU
		{774E20C0-9ADE-466B-AE39-92BE3EDED767}.Debug|Any CPU.ActiveCfg = Debug|Any CPU
		{774E20C0-9ADE-466B-AE39-92BE3EDED767}.Debug|Any CPU.Build.0 = Debug|Any CPU
		{774E20C0-9ADE-466B-AE39-92BE3EDED767}.Debug|x64.ActiveCfg = Debug|Any CPU
		{774E20C0-9ADE-466B-AE39-92BE3EDED767}.Debug|x64.Build.0 = Debug|Any CPU
		{774E20C0-9ADE-466B-AE39-92BE3EDED767}.Debug|x86.ActiveCfg = Debug|Any CPU
		{774E20C0-9ADE-466B-AE39-92BE3EDED767}.Debug|x86.Build.0 = Debug|Any CPU
		{774E20C0-9ADE-466B-AE39-92BE3EDED767}.Release|Any CPU.ActiveCfg = Release|Any CPU
		{774E20C0-9ADE-466B-AE39-92BE3EDED767}.Release|Any CPU.Build.0 = Release|Any CPU
		{774E20C0-9ADE-466B-AE39-92BE3EDED767}.Release|x64.ActiveCfg = Release|Any CPU
		{774E20C0-9ADE-466B-AE39-92BE3EDED767}.Release|x64.Build.0 = Release|Any CPU
		{774E20C0-9ADE-466B-AE39-92BE3EDED767}.Release|x86.ActiveCfg = Release|Any CPU
		{774E20C0-9ADE-466B-AE39-92BE3EDED767}.Release|x86.Build.0 = Release|Any CPU
		{60859855-6F75-4BEB-9A99-3C789E18428E}.Debug|Any CPU.ActiveCfg = Debug|Any CPU
		{60859855-6F75-4BEB-9A99-3C789E18428E}.Debug|Any CPU.Build.0 = Debug|Any CPU
		{60859855-6F75-4BEB-9A99-3C789E18428E}.Debug|x64.ActiveCfg = Debug|Any CPU
		{60859855-6F75-4BEB-9A99-3C789E18428E}.Debug|x64.Build.0 = Debug|Any CPU
		{60859855-6F75-4BEB-9A99-3C789E18428E}.Debug|x86.ActiveCfg = Debug|Any CPU
		{60859855-6F75-4BEB-9A99-3C789E18428E}.Debug|x86.Build.0 = Debug|Any CPU
		{60859855-6F75-4BEB-9A99-3C789E18428E}.Release|Any CPU.ActiveCfg = Release|Any CPU
		{60859855-6F75-4BEB-9A99-3C789E18428E}.Release|Any CPU.Build.0 = Release|Any CPU
		{60859855-6F75-4BEB-9A99-3C789E18428E}.Release|x64.ActiveCfg = Release|Any CPU
		{60859855-6F75-4BEB-9A99-3C789E18428E}.Release|x64.Build.0 = Release|Any CPU
		{60859855-6F75-4BEB-9A99-3C789E18428E}.Release|x86.ActiveCfg = Release|Any CPU
		{60859855-6F75-4BEB-9A99-3C789E18428E}.Release|x86.Build.0 = Release|Any CPU
		{FFFC967D-7E22-43AF-B845-561BDE606A9A}.Debug|Any CPU.ActiveCfg = Debug|Any CPU
		{FFFC967D-7E22-43AF-B845-561BDE606A9A}.Debug|Any CPU.Build.0 = Debug|Any CPU
		{FFFC967D-7E22-43AF-B845-561BDE606A9A}.Debug|x64.ActiveCfg = Debug|Any CPU
		{FFFC967D-7E22-43AF-B845-561BDE606A9A}.Debug|x64.Build.0 = Debug|Any CPU
		{FFFC967D-7E22-43AF-B845-561BDE606A9A}.Debug|x86.ActiveCfg = Debug|Any CPU
		{FFFC967D-7E22-43AF-B845-561BDE606A9A}.Debug|x86.Build.0 = Debug|Any CPU
		{FFFC967D-7E22-43AF-B845-561BDE606A9A}.Release|Any CPU.ActiveCfg = Release|Any CPU
		{FFFC967D-7E22-43AF-B845-561BDE606A9A}.Release|Any CPU.Build.0 = Release|Any CPU
		{FFFC967D-7E22-43AF-B845-561BDE606A9A}.Release|x64.ActiveCfg = Release|Any CPU
		{FFFC967D-7E22-43AF-B845-561BDE606A9A}.Release|x64.Build.0 = Release|Any CPU
		{FFFC967D-7E22-43AF-B845-561BDE606A9A}.Release|x86.ActiveCfg = Release|Any CPU
		{FFFC967D-7E22-43AF-B845-561BDE606A9A}.Release|x86.Build.0 = Release|Any CPU
	EndGlobalSection
EndGlobal
